
Microsoft Visual Studio Solution File, Format Version 12.00
# Visual Studio Version 17
VisualStudioVersion = 17.7.34009.444
MinimumVisualStudioVersion = 10.0.40219.1
Project("{FAE04EC0-301F-11D3-BF4B-00C04F79EFBC}") = "BassyTTSTwitch", "BassyTTSTwitch.csproj", "{601502BF-D62A-4CAA-990C-F14AD3166CDA}"
EndProject
Project("{9A19103F-16F7-4668-BE54-9A1E7A4F7556}") = "Updater", "..\Updater\Updater.csproj", "{19D733D5-3A78-454B-819C-CD0EB17D5269}"
EndProject
Project("{54435603-DBB4-11D2-8724-00A0C9A8B90C}") = "Setup", "..\Setup\Setup.vdproj", "{D880FEC2-A835-4FBB-82CC-F8B8B3ACB3FE}"
EndProject
Global
	GlobalSection(SolutionConfigurationPlatforms) = preSolution
		Debug|Any CPU = Debug|Any CPU
		Release|Any CPU = Release|Any CPU
	EndGlobalSection
	GlobalSection(ProjectConfigurationPlatforms) = postSolution
		{601502BF-D62A-4CAA-990C-F14AD3166CDA}.Debug|Any CPU.ActiveCfg = Debug|Any CPU
		{601502BF-D62A-4CAA-990C-F14AD3166CDA}.Debug|Any CPU.Build.0 = Debug|Any CPU
		{601502BF-D62A-4CAA-990C-F14AD3166CDA}.Release|Any CPU.ActiveCfg = Debug|Any CPU
		{601502BF-D62A-4CAA-990C-F14AD3166CDA}.Release|Any CPU.Build.0 = Debug|Any CPU
		{19D733D5-3A78-454B-819C-CD0EB17D5269}.Debug|Any CPU.ActiveCfg = Debug|Any CPU
		{19D733D5-3A78-454B-819C-CD0EB17D5269}.Debug|Any CPU.Build.0 = Debug|Any CPU
		{19D733D5-3A78-454B-819C-CD0EB17D5269}.Release|Any CPU.ActiveCfg = Release|Any CPU
		{19D733D5-3A78-454B-819C-CD0EB17D5269}.Release|Any CPU.Build.0 = Release|Any CPU
		{D880FEC2-A835-4FBB-82CC-F8B8B3ACB3FE}.Debug|Any CPU.ActiveCfg = Debug
		{D880FEC2-A835-4FBB-82CC-F8B8B3ACB3FE}.Release|Any CPU.ActiveCfg = Release
	EndGlobalSection
	GlobalSection(SolutionProperties) = preSolution
		HideSolutionNode = FALSE
	EndGlobalSection
	GlobalSection(ExtensibilityGlobals) = postSolution
		SolutionGuid = {25AA5C70-686D-496A-AC0B-E533C49A01D1}
	EndGlobalSection
EndGlobal
